
Microsoft Visual Studio Solution File, Format Version 12.00
# Visual Studio Version 17
VisualStudioVersion = 17.11.35312.102
MinimumVisualStudioVersion = 10.0.40219.1
Project("{9A19103F-16F7-4668-BE54-9A1E7A4F7556}") = "DishAPI", "DishAPI\DishAPI.csproj", "{41000CB8-8431-4E99-9AF9-B27A013E98DF}"
EndProject
Project("{9A19103F-16F7-4668-BE54-9A1E7A4F7556}") = "APIGateway", "APIGateway\APIGateway.csproj", "{815C3C0B-08E4-41C1-9CC9-3DCB766B0465}"
EndProject
Global
	GlobalSection(SolutionConfigurationPlatforms) = preSolution
		Debug|Any CPU = Debug|Any CPU
		Release|Any CPU = Release|Any CPU
	EndGlobalSection
	GlobalSection(ProjectConfigurationPlatforms) = postSolution
		{41000CB8-8431-4E99-9AF9-B27A013E98DF}.Debug|Any CPU.ActiveCfg = Debug|Any CPU
		{41000CB8-8431-4E99-9AF9-B27A013E98DF}.Debug|Any CPU.Build.0 = Debug|Any CPU
		{41000CB8-8431-4E99-9AF9-B27A013E98DF}.Release|Any CPU.ActiveCfg = Release|Any CPU
		{41000CB8-8431-4E99-9AF9-B27A013E98DF}.Release|Any CPU.Build.0 = Release|Any CPU
		{815C3C0B-08E4-41C1-9CC9-3DCB766B0465}.Debug|Any CPU.ActiveCfg = Debug|Any CPU
		{815C3C0B-08E4-41C1-9CC9-3DCB766B0465}.Debug|Any CPU.Build.0 = Debug|Any CPU
		{815C3C0B-08E4-41C1-9CC9-3DCB766B0465}.Release|Any CPU.ActiveCfg = Release|Any CPU
		{815C3C0B-08E4-41C1-9CC9-3DCB766B0465}.Release|Any CPU.Build.0 = Release|Any CPU
	EndGlobalSection
	GlobalSection(SolutionProperties) = preSolution
		HideSolutionNode = FALSE
	EndGlobalSection
	GlobalSection(ExtensibilityGlobals) = postSolution
		SolutionGuid = {063B9DDA-9B4C-47E3-B50A-76B278C30190}
	EndGlobalSection
EndGlobal
